
Microsoft Visual Studio Solution File, Format Version 12.00
# Visual Studio Version 17
VisualStudioVersion = 17.10.35122.118
MinimumVisualStudioVersion = 10.0.40219.1
Project("{9A19103F-16F7-4668-BE54-9A1E7A4F7556}") = "stack-management", "PrimeiraAplicacao\stack-management.csproj", "{0A6685D9-1E66-41E6-BB49-88D071706CDE}"
EndProject
Project("{9A19103F-16F7-4668-BE54-9A1E7A4F7556}") = "PrimeiraAplicacao", "PrimeiraAplicacao\PrimeiraAplicacao.csproj", "{984C6C82-CA09-404E-8DF6-14DBBFBACAD4}"
EndProject
Global
	GlobalSection(SolutionConfigurationPlatforms) = preSolution
		Debug|Any CPU = Debug|Any CPU
		Release|Any CPU = Release|Any CPU
	EndGlobalSection
	GlobalSection(ProjectConfigurationPlatforms) = postSolution
		{0A6685D9-1E66-41E6-BB49-88D071706CDE}.Debug|Any CPU.ActiveCfg = Debug|Any CPU
		{0A6685D9-1E66-41E6-BB49-88D071706CDE}.Debug|Any CPU.Build.0 = Debug|Any CPU
		{0A6685D9-1E66-41E6-BB49-88D071706CDE}.Release|Any CPU.ActiveCfg = Release|Any CPU
		{0A6685D9-1E66-41E6-BB49-88D071706CDE}.Release|Any CPU.Build.0 = Release|Any CPU
		{984C6C82-CA09-404E-8DF6-14DBBFBACAD4}.Debug|Any CPU.ActiveCfg = Debug|Any CPU
		{984C6C82-CA09-404E-8DF6-14DBBFBACAD4}.Debug|Any CPU.Build.0 = Debug|Any CPU
		{984C6C82-CA09-404E-8DF6-14DBBFBACAD4}.Release|Any CPU.ActiveCfg = Release|Any CPU
		{984C6C82-CA09-404E-8DF6-14DBBFBACAD4}.Release|Any CPU.Build.0 = Release|Any CPU
	EndGlobalSection
	GlobalSection(SolutionProperties) = preSolution
		HideSolutionNode = FALSE
	EndGlobalSection
	GlobalSection(ExtensibilityGlobals) = postSolution
		SolutionGuid = {28C32DDA-410E-4B87-9758-879D276F3708}
	EndGlobalSection
EndGlobal
